
Microsoft Visual Studio Solution File, Format Version 12.00
# Visual Studio Version 17
VisualStudioVersion = 17.8.34330.188
MinimumVisualStudioVersion = 10.0.40219.1
Project("{FAE04EC0-301F-11D3-BF4B-00C04F79EFBC}") = "TestProject", "TestProject\TestProject.csproj", "{9B70F803-4899-4138-9B92-28314E7C6ABF}"
EndProject
Global
	GlobalSection(SolutionConfigurationPlatforms) = preSolution
		Debug|Any CPU = Debug|Any CPU
		Release|Any CPU = Release|Any CPU
	EndGlobalSection
	GlobalSection(ProjectConfigurationPlatforms) = postSolution
		{9B70F803-4899-4138-9B92-28314E7C6ABF}.Debug|Any CPU.ActiveCfg = Debug|Any CPU
		{9B70F803-4899-4138-9B92-28314E7C6ABF}.Debug|Any CPU.Build.0 = Debug|Any CPU
		{9B70F803-4899-4138-9B92-28314E7C6ABF}.Release|Any CPU.ActiveCfg = Release|Any CPU
		{9B70F803-4899-4138-9B92-28314E7C6ABF}.Release|Any CPU.Build.0 = Release|Any CPU
	EndGlobalSection
	GlobalSection(SolutionProperties) = preSolution
		HideSolutionNode = FALSE
	EndGlobalSection
	GlobalSection(ExtensibilityGlobals) = postSolution
		SolutionGuid = {AE01D4F1-5068-4878-A6B5-7221C6883296}
	EndGlobalSection
EndGlobal
